
Microsoft Visual Studio Solution File, Format Version 12.00
# Visual Studio Version 17
VisualStudioVersion = 17.9.34728.123
MinimumVisualStudioVersion = 10.0.40219.1
Project("{9A19103F-16F7-4668-BE54-9A1E7A4F7556}") = "ChatAPI", "ChatAPI\ChatAPI.csproj", "{D7DCA604-723F-47CF-8CD3-6CA7EDE38FAB}"
EndProject
Project("{9A19103F-16F7-4668-BE54-9A1E7A4F7556}") = "ChatAPI.DataAccess", "ChatAPI.DataAccess\ChatAPI.DataAccess.csproj", "{C5D31829-D8AD-4BF9-8F93-3AABFED860EE}"
EndProject
Project("{9A19103F-16F7-4668-BE54-9A1E7A4F7556}") = "ChatAPI.Services", "ChatAPI.Services\ChatAPI.Services.csproj", "{BFC7065A-6A25-42B2-AB22-E20190ADACC5}"
EndProject
Global
	GlobalSection(SolutionConfigurationPlatforms) = preSolution
		Debug|Any CPU = Debug|Any CPU
		Release|Any CPU = Release|Any CPU
	EndGlobalSection
	GlobalSection(ProjectConfigurationPlatforms) = postSolution
		{D7DCA604-723F-47CF-8CD3-6CA7EDE38FAB}.Debug|Any CPU.ActiveCfg = Debug|Any CPU
		{D7DCA604-723F-47CF-8CD3-6CA7EDE38FAB}.Debug|Any CPU.Build.0 = Debug|Any CPU
		{D7DCA604-723F-47CF-8CD3-6CA7EDE38FAB}.Release|Any CPU.ActiveCfg = Release|Any CPU
		{D7DCA604-723F-47CF-8CD3-6CA7EDE38FAB}.Release|Any CPU.Build.0 = Release|Any CPU
		{C5D31829-D8AD-4BF9-8F93-3AABFED860EE}.Debug|Any CPU.ActiveCfg = Debug|Any CPU
		{C5D31829-D8AD-4BF9-8F93-3AABFED860EE}.Debug|Any CPU.Build.0 = Debug|Any CPU
		{C5D31829-D8AD-4BF9-8F93-3AABFED860EE}.Release|Any CPU.ActiveCfg = Release|Any CPU
		{C5D31829-D8AD-4BF9-8F93-3AABFED860EE}.Release|Any CPU.Build.0 = Release|Any CPU
		{BFC7065A-6A25-42B2-AB22-E20190ADACC5}.Debug|Any CPU.ActiveCfg = Debug|Any CPU
		{BFC7065A-6A25-42B2-AB22-E20190ADACC5}.Debug|Any CPU.Build.0 = Debug|Any CPU
		{BFC7065A-6A25-42B2-AB22-E20190ADACC5}.Release|Any CPU.ActiveCfg = Release|Any CPU
		{BFC7065A-6A25-42B2-AB22-E20190ADACC5}.Release|Any CPU.Build.0 = Release|Any CPU
	EndGlobalSection
	GlobalSection(SolutionProperties) = preSolution
		HideSolutionNode = FALSE
	EndGlobalSection
	GlobalSection(ExtensibilityGlobals) = postSolution
		SolutionGuid = {4B9B4E8E-4491-4E43-B2F4-ECBDF7F1B326}
	EndGlobalSection
EndGlobal
